hash: 89e4983a5c9355580dca20adaf42e85242065c972717a3b84b1727775d8ec4fb
updated: 2016-12-30T14:00:55.099534429-05:00
imports:
- name: code.cloudfoundry.org/cli
  version: c7866be180e8820fad4f36445f4c26c32ac05182
  repo: git@github.com:cloudfoundry/cli
  subpackages:
  - plugin
  - plugin/models
  - plugin/pluginfakes
- name: github.com/phayes/freeport
  version: e7681b37614941bf73b404e0caa37f19e33b5fed
- name: github.com/stretchr/testify
  version: 6cb3b85ef5a0efef77caef88363ec4d4b5c0976d
testImports: []
