hash: d66cc244edaebf002cf00c3e11ed3af3dfec69f0b835e278a15a77fa97eee1ab
updated: 2016-12-30T02:49:34.574932058-05:00
imports:
- name: code.cloudfoundry.org/cli
  version: c7866be180e8820fad4f36445f4c26c32ac05182
  repo: git@github.com:cloudfoundry/cli
  subpackages:
  - plugin
  - plugin/models
- name: github.com/phayes/freeport
  version: e7681b37614941bf73b404e0caa37f19e33b5fed
testImports: []
