# This file is autogenerated, do not edit; changes may be undone by the next 'dep ensure'.


[[projects]]
  name = "code.cloudfoundry.org/cli"
  packages = ["plugin","plugin/models","plugin/pluginfakes"]
  revision = "c77e55743e8cf83b9d093a91277b184e372cfd40"
  version = "v6.33.1"

[[projects]]
  name = "github.com/davecgh/go-spew"
  packages = ["spew"]
  revision = "346938d642f2ec3594ed81d874461961cd0faa76"
  version = "v1.1.0"

[[projects]]
  name = "github.com/phayes/freeport"
  packages = ["."]
  revision = "e7681b37614941bf73b404e0caa37f19e33b5fed"
  version = "1.0.2"

[[projects]]
  name = "github.com/pmezard/go-difflib"
  packages = ["difflib"]
  revision = "792786c7400a136282c1664665ae0a8db921c6c2"
  version = "v1.0.0"

[[projects]]
  name = "github.com/stretchr/testify"
  packages = ["assert"]
  revision = "6cb3b85ef5a0efef77caef88363ec4d4b5c0976d"
  version = "v1.2.0"

[solve-meta]
  analyzer-name = "dep"
  analyzer-version = 1
  inputs-digest = "c6845b283084d24be5efd32331e8d337c87d88aed670b64909410b808fe636f4"
  solver-name = "gps-cdcl"
  solver-version = 1
